
Microsoft Visual Studio Solution File, Format Version 12.00
# Visual Studio Version 16
VisualStudioVersion = 16.0.31105.61
MinimumVisualStudioVersion = 10.0.40219.1
Project("{FAE04EC0-301F-11D3-BF4B-00C04F79EFBC}") = "Второе консольное приложение", "Второе консольное приложение.csproj", "{3EC250D4-8DEB-4A7A-8244-CA398272AF48}"
EndProject
Global
	GlobalSection(SolutionConfigurationPlatforms) = preSolution
		Debug|Any CPU = Debug|Any CPU
		Release|Any CPU = Release|Any CPU
	EndGlobalSection
	GlobalSection(ProjectConfigurationPlatforms) = postSolution
		{3EC250D4-8DEB-4A7A-8244-CA398272AF48}.Debug|Any CPU.ActiveCfg = Debug|Any CPU
		{3EC250D4-8DEB-4A7A-8244-CA398272AF48}.Debug|Any CPU.Build.0 = Debug|Any CPU
		{3EC250D4-8DEB-4A7A-8244-CA398272AF48}.Release|Any CPU.ActiveCfg = Release|Any CPU
		{3EC250D4-8DEB-4A7A-8244-CA398272AF48}.Release|Any CPU.Build.0 = Release|Any CPU
	EndGlobalSection
	GlobalSection(SolutionProperties) = preSolution
		HideSolutionNode = FALSE
	EndGlobalSection
	GlobalSection(ExtensibilityGlobals) = postSolution
		SolutionGuid = {1F0AF854-520E-4436-BF77-F46DBF4925FF}
	EndGlobalSection
EndGlobal
